
Microsoft Visual Studio Solution File, Format Version 12.00
# Visual Studio Version 16
VisualStudioVersion = 16.0.31005.135
MinimumVisualStudioVersion = 10.0.40219.1
Project("{FAE04EC0-301F-11D3-BF4B-00C04F79EFBC}") = "Hw_13", "Hw_13\Hw_13.csproj", "{3E349E41-A18C-4AD8-B357-AA0B0DC3D337}"
EndProject
Project("{FAE04EC0-301F-11D3-BF4B-00C04F79EFBC}") = "AdditionalLibrary", "AdditionalLibrary\AdditionalLibrary.csproj", "{4B352542-916A-46EA-9EE7-005DC2FE7BED}"
EndProject
Global
	GlobalSection(SolutionConfigurationPlatforms) = preSolution
		Debug|Any CPU = Debug|Any CPU
		Release|Any CPU = Release|Any CPU
	EndGlobalSection
	GlobalSection(ProjectConfigurationPlatforms) = postSolution
		{3E349E41-A18C-4AD8-B357-AA0B0DC3D337}.Debug|Any CPU.ActiveCfg = Debug|Any CPU
		{3E349E41-A18C-4AD8-B357-AA0B0DC3D337}.Debug|Any CPU.Build.0 = Debug|Any CPU
		{3E349E41-A18C-4AD8-B357-AA0B0DC3D337}.Release|Any CPU.ActiveCfg = Release|Any CPU
		{3E349E41-A18C-4AD8-B357-AA0B0DC3D337}.Release|Any CPU.Build.0 = Release|Any CPU
		{4B352542-916A-46EA-9EE7-005DC2FE7BED}.Debug|Any CPU.ActiveCfg = Debug|Any CPU
		{4B352542-916A-46EA-9EE7-005DC2FE7BED}.Debug|Any CPU.Build.0 = Debug|Any CPU
		{4B352542-916A-46EA-9EE7-005DC2FE7BED}.Release|Any CPU.ActiveCfg = Release|Any CPU
		{4B352542-916A-46EA-9EE7-005DC2FE7BED}.Release|Any CPU.Build.0 = Release|Any CPU
	EndGlobalSection
	GlobalSection(SolutionProperties) = preSolution
		HideSolutionNode = FALSE
	EndGlobalSection
	GlobalSection(ExtensibilityGlobals) = postSolution
		SolutionGuid = {D19D4ED5-9CF9-4EF1-A6A4-C7B5730B1C8F}
	EndGlobalSection
EndGlobal
